
Microsoft Visual Studio Solution File, Format Version 12.00
# Visual Studio Version 17
VisualStudioVersion = 17.8.34330.188
MinimumVisualStudioVersion = 10.0.40219.1
Project("{FAE04EC0-301F-11D3-BF4B-00C04F79EFBC}") = "PetClasseExtendida", "PetClasseExtendida\PetClasseExtendida.csproj", "{7282C6A7-AE7C-47FE-AF40-037A24229B23}"
EndProject
Global
	GlobalSection(SolutionConfigurationPlatforms) = preSolution
		Debug|Any CPU = Debug|Any CPU
		Release|Any CPU = Release|Any CPU
	EndGlobalSection
	GlobalSection(ProjectConfigurationPlatforms) = postSolution
		{7282C6A7-AE7C-47FE-AF40-037A24229B23}.Debug|Any CPU.ActiveCfg = Debug|Any CPU
		{7282C6A7-AE7C-47FE-AF40-037A24229B23}.Debug|Any CPU.Build.0 = Debug|Any CPU
		{7282C6A7-AE7C-47FE-AF40-037A24229B23}.Release|Any CPU.ActiveCfg = Release|Any CPU
		{7282C6A7-AE7C-47FE-AF40-037A24229B23}.Release|Any CPU.Build.0 = Release|Any CPU
	EndGlobalSection
	GlobalSection(SolutionProperties) = preSolution
		HideSolutionNode = FALSE
	EndGlobalSection
	GlobalSection(ExtensibilityGlobals) = postSolution
		SolutionGuid = {3874AC5D-4226-46DE-842D-A7C4E2624821}
	EndGlobalSection
EndGlobal
