
Microsoft Visual Studio Solution File, Format Version 12.00
# Visual Studio Version 17
VisualStudioVersion = 17.8.34330.188
MinimumVisualStudioVersion = 10.0.40219.1
Project("{9A19103F-16F7-4668-BE54-9A1E7A4F7556}") = "Blog", "Blog.csproj", "{B9324AD3-8B47-47BB-9FFD-F5BA9492BDBD}"
EndProject
Global
	GlobalSection(SolutionConfigurationPlatforms) = preSolution
		Debug|Any CPU = Debug|Any CPU
		Release|Any CPU = Release|Any CPU
	EndGlobalSection
	GlobalSection(ProjectConfigurationPlatforms) = postSolution
		{B9324AD3-8B47-47BB-9FFD-F5BA9492BDBD}.Debug|Any CPU.ActiveCfg = Debug|Any CPU
		{B9324AD3-8B47-47BB-9FFD-F5BA9492BDBD}.Debug|Any CPU.Build.0 = Debug|Any CPU
		{B9324AD3-8B47-47BB-9FFD-F5BA9492BDBD}.Release|Any CPU.ActiveCfg = Release|Any CPU
		{B9324AD3-8B47-47BB-9FFD-F5BA9492BDBD}.Release|Any CPU.Build.0 = Release|Any CPU
	EndGlobalSection
	GlobalSection(SolutionProperties) = preSolution
		HideSolutionNode = FALSE
	EndGlobalSection
	GlobalSection(ExtensibilityGlobals) = postSolution
		SolutionGuid = {DBD92C12-BA22-49B5-A2F3-CC7355135042}
	EndGlobalSection
EndGlobal
