
Microsoft Visual Studio Solution File, Format Version 12.00
# Visual Studio Version 17
VisualStudioVersion = 17.0.31903.59
MinimumVisualStudioVersion = 10.0.40219.1
Project("{9A19103F-16F7-4668-BE54-9A1E7A4F7556}") = "Dima.core", "Dima.core\Dima.core.csproj", "{58533705-5DD3-4B7E-8BEA-8FA69B2258A1}"
EndProject
Project("{9A19103F-16F7-4668-BE54-9A1E7A4F7556}") = "Dima.Api", "Dima.Api\Dima.Api.csproj", "{A6E8277F-756F-4D7B-9582-794812309808}"
EndProject
Project("{9A19103F-16F7-4668-BE54-9A1E7A4F7556}") = "Dima.Web", "Dima.web\Dima.Web.csproj", "{0F1C503B-B996-44F8-B454-D4854519CD1A}"
EndProject
Global
	GlobalSection(SolutionConfigurationPlatforms) = preSolution
		Debug|Any CPU = Debug|Any CPU
		Release|Any CPU = Release|Any CPU
	EndGlobalSection
	GlobalSection(ProjectConfigurationPlatforms) = postSolution
		{58533705-5DD3-4B7E-8BEA-8FA69B2258A1}.Debug|Any CPU.ActiveCfg = Debug|Any CPU
		{58533705-5DD3-4B7E-8BEA-8FA69B2258A1}.Debug|Any CPU.Build.0 = Debug|Any CPU
		{58533705-5DD3-4B7E-8BEA-8FA69B2258A1}.Release|Any CPU.ActiveCfg = Release|Any CPU
		{58533705-5DD3-4B7E-8BEA-8FA69B2258A1}.Release|Any CPU.Build.0 = Release|Any CPU
		{A6E8277F-756F-4D7B-9582-794812309808}.Debug|Any CPU.ActiveCfg = Debug|Any CPU
		{A6E8277F-756F-4D7B-9582-794812309808}.Debug|Any CPU.Build.0 = Debug|Any CPU
		{A6E8277F-756F-4D7B-9582-794812309808}.Release|Any CPU.ActiveCfg = Release|Any CPU
		{A6E8277F-756F-4D7B-9582-794812309808}.Release|Any CPU.Build.0 = Release|Any CPU
		{0F1C503B-B996-44F8-B454-D4854519CD1A}.Debug|Any CPU.ActiveCfg = Debug|Any CPU
		{0F1C503B-B996-44F8-B454-D4854519CD1A}.Debug|Any CPU.Build.0 = Debug|Any CPU
		{0F1C503B-B996-44F8-B454-D4854519CD1A}.Release|Any CPU.ActiveCfg = Release|Any CPU
		{0F1C503B-B996-44F8-B454-D4854519CD1A}.Release|Any CPU.Build.0 = Release|Any CPU
	EndGlobalSection
	GlobalSection(SolutionProperties) = preSolution
		HideSolutionNode = FALSE
	EndGlobalSection
	GlobalSection(ExtensibilityGlobals) = postSolution
		SolutionGuid = {AD86A27E-27CB-4AA5-BFE6-90D03C3CE258}
	EndGlobalSection
EndGlobal
